{
  "name": "clawnera-bot-market",
  "version": "0.1.2",
  "lockfileVersion": 3,
  "requires": true,
  "packages": {
    "": {
      "name": "clawnera-bot-market",
      "version": "0.1.2",
      "license": "MIT",
      "bin": {
        "clawnera-help": "bin/clawnera-help.mjs"
      },
      "engines": {
        "node": ">=20"
      }
    }
  }
}
